
Microsoft Visual Studio Solution File, Format Version 12.00
# Visual Studio Version 16
VisualStudioVersion = 16.0.28705.295
MinimumVisualStudioVersion = 10.0.40219.1
Project("{9A19103F-16F7-4668-BE54-9A1E7A4F7556}") = "WebApiService", "WebApiService\WebApiService.csproj", "{D7DD7D7D-589E-4B9E-99F6-0757CDC2094F}"
EndProject
Project("{9A19103F-16F7-4668-BE54-9A1E7A4F7556}") = "IDAL", "IDAL\IDAL.csproj", "{DBA63A3E-2FA3-4C89-933E-284893C4707F}"
EndProject
Project("{9A19103F-16F7-4668-BE54-9A1E7A4F7556}") = "BLL", "BLL\BLL.csproj", "{EF16B2BA-9A07-4AA7-A107-E981D15F3811}"
EndProject
Project("{9A19103F-16F7-4668-BE54-9A1E7A4F7556}") = "Model", "Model\Model.csproj", "{33333C3D-764F-415A-9B9B-81330AFBAC12}"
EndProject
Project("{9A19103F-16F7-4668-BE54-9A1E7A4F7556}") = "SqlServerDAL", "SqlServerDAL\SqlServerDAL.csproj", "{E2ED6B84-C3F1-45EF-B1B3-01D7F8A44FAD}"
EndProject
Global
	GlobalSection(SolutionConfigurationPlatforms) = preSolution
		Debug|Any CPU = Debug|Any CPU
		Release|Any CPU = Release|Any CPU
	EndGlobalSection
	GlobalSection(ProjectConfigurationPlatforms) = postSolution
		{D7DD7D7D-589E-4B9E-99F6-0757CDC2094F}.Debug|Any CPU.ActiveCfg = Debug|Any CPU
		{D7DD7D7D-589E-4B9E-99F6-0757CDC2094F}.Debug|Any CPU.Build.0 = Debug|Any CPU
		{D7DD7D7D-589E-4B9E-99F6-0757CDC2094F}.Release|Any CPU.ActiveCfg = Release|Any CPU
		{D7DD7D7D-589E-4B9E-99F6-0757CDC2094F}.Release|Any CPU.Build.0 = Release|Any CPU
		{DBA63A3E-2FA3-4C89-933E-284893C4707F}.Debug|Any CPU.ActiveCfg = Debug|Any CPU
		{DBA63A3E-2FA3-4C89-933E-284893C4707F}.Debug|Any CPU.Build.0 = Debug|Any CPU
		{DBA63A3E-2FA3-4C89-933E-284893C4707F}.Release|Any CPU.ActiveCfg = Release|Any CPU
		{DBA63A3E-2FA3-4C89-933E-284893C4707F}.Release|Any CPU.Build.0 = Release|Any CPU
		{EF16B2BA-9A07-4AA7-A107-E981D15F3811}.Debug|Any CPU.ActiveCfg = Debug|Any CPU
		{EF16B2BA-9A07-4AA7-A107-E981D15F3811}.Debug|Any CPU.Build.0 = Debug|Any CPU
		{EF16B2BA-9A07-4AA7-A107-E981D15F3811}.Release|Any CPU.ActiveCfg = Release|Any CPU
		{EF16B2BA-9A07-4AA7-A107-E981D15F3811}.Release|Any CPU.Build.0 = Release|Any CPU
		{33333C3D-764F-415A-9B9B-81330AFBAC12}.Debug|Any CPU.ActiveCfg = Debug|Any CPU
		{33333C3D-764F-415A-9B9B-81330AFBAC12}.Debug|Any CPU.Build.0 = Debug|Any CPU
		{33333C3D-764F-415A-9B9B-81330AFBAC12}.Release|Any CPU.ActiveCfg = Release|Any CPU
		{33333C3D-764F-415A-9B9B-81330AFBAC12}.Release|Any CPU.Build.0 = Release|Any CPU
		{E2ED6B84-C3F1-45EF-B1B3-01D7F8A44FAD}.Debug|Any CPU.ActiveCfg = Debug|Any CPU
		{E2ED6B84-C3F1-45EF-B1B3-01D7F8A44FAD}.Debug|Any CPU.Build.0 = Debug|Any CPU
		{E2ED6B84-C3F1-45EF-B1B3-01D7F8A44FAD}.Release|Any CPU.ActiveCfg = Release|Any CPU
		{E2ED6B84-C3F1-45EF-B1B3-01D7F8A44FAD}.Release|Any CPU.Build.0 = Release|Any CPU
	EndGlobalSection
	GlobalSection(SolutionProperties) = preSolution
		HideSolutionNode = FALSE
	EndGlobalSection
	GlobalSection(ExtensibilityGlobals) = postSolution
		SolutionGuid = {F604CCB1-2016-42DF-BB66-F6864F0390F8}
	EndGlobalSection
EndGlobal
